
Microsoft Visual Studio Solution File, Format Version 12.00
# Visual Studio Version 17
VisualStudioVersion = 17.4.33110.190
MinimumVisualStudioVersion = 10.0.40219.1
Project("{FAE04EC0-301F-11D3-BF4B-00C04F79EFBC}") = "ConvertAgeToDays", "ConvertAgeToDays\ConvertAgeToDays.csproj", "{F7053470-3B74-452F-811F-6847478F5EB7}"
EndProject
Global
	GlobalSection(SolutionConfigurationPlatforms) = preSolution
		Debug|Any CPU = Debug|Any CPU
		Release|Any CPU = Release|Any CPU
	EndGlobalSection
	GlobalSection(ProjectConfigurationPlatforms) = postSolution
		{F7053470-3B74-452F-811F-6847478F5EB7}.Debug|Any CPU.ActiveCfg = Debug|Any CPU
		{F7053470-3B74-452F-811F-6847478F5EB7}.Debug|Any CPU.Build.0 = Debug|Any CPU
		{F7053470-3B74-452F-811F-6847478F5EB7}.Release|Any CPU.ActiveCfg = Release|Any CPU
		{F7053470-3B74-452F-811F-6847478F5EB7}.Release|Any CPU.Build.0 = Release|Any CPU
	EndGlobalSection
	GlobalSection(SolutionProperties) = preSolution
		HideSolutionNode = FALSE
	EndGlobalSection
	GlobalSection(ExtensibilityGlobals) = postSolution
		SolutionGuid = {B2AA40EE-EA59-4B78-84C5-C38A3087AD2A}
	EndGlobalSection
EndGlobal
